
Microsoft Visual Studio Solution File, Format Version 12.00
# Visual Studio Version 16
VisualStudioVersion = 16.0.29806.167
MinimumVisualStudioVersion = 10.0.40219.1
Project("{9A19103F-16F7-4668-BE54-9A1E7A4F7556}") = "DAL", "DAL\DAL.csproj", "{36774A28-D33A-4680-8B80-385E33B2610F}"
EndProject
Project("{9A19103F-16F7-4668-BE54-9A1E7A4F7556}") = "DALTests", "DALTests\DALTests.csproj", "{F8C18299-BAE1-499B-BD14-2CE87C009B75}"
EndProject
Project("{9A19103F-16F7-4668-BE54-9A1E7A4F7556}") = "dot-net-angular-web-app", "dot-net-angular-web-app\dot-net-angular-web-app.csproj", "{1FBF677B-3436-4503-A673-879BA1CCC6C3}"
EndProject
Global
	GlobalSection(SolutionConfigurationPlatforms) = preSolution
		Debug|Any CPU = Debug|Any CPU
		Release|Any CPU = Release|Any CPU
	EndGlobalSection
	GlobalSection(ProjectConfigurationPlatforms) = postSolution
		{36774A28-D33A-4680-8B80-385E33B2610F}.Debug|Any CPU.ActiveCfg = Debug|Any CPU
		{36774A28-D33A-4680-8B80-385E33B2610F}.Debug|Any CPU.Build.0 = Debug|Any CPU
		{36774A28-D33A-4680-8B80-385E33B2610F}.Release|Any CPU.ActiveCfg = Release|Any CPU
		{36774A28-D33A-4680-8B80-385E33B2610F}.Release|Any CPU.Build.0 = Release|Any CPU
		{F8C18299-BAE1-499B-BD14-2CE87C009B75}.Debug|Any CPU.ActiveCfg = Debug|Any CPU
		{F8C18299-BAE1-499B-BD14-2CE87C009B75}.Debug|Any CPU.Build.0 = Debug|Any CPU
		{F8C18299-BAE1-499B-BD14-2CE87C009B75}.Release|Any CPU.ActiveCfg = Release|Any CPU
		{F8C18299-BAE1-499B-BD14-2CE87C009B75}.Release|Any CPU.Build.0 = Release|Any CPU
		{1FBF677B-3436-4503-A673-879BA1CCC6C3}.Debug|Any CPU.ActiveCfg = Debug|Any CPU
		{1FBF677B-3436-4503-A673-879BA1CCC6C3}.Debug|Any CPU.Build.0 = Debug|Any CPU
		{1FBF677B-3436-4503-A673-879BA1CCC6C3}.Release|Any CPU.ActiveCfg = Release|Any CPU
		{1FBF677B-3436-4503-A673-879BA1CCC6C3}.Release|Any CPU.Build.0 = Release|Any CPU
	EndGlobalSection
	GlobalSection(SolutionProperties) = preSolution
		HideSolutionNode = FALSE
	EndGlobalSection
	GlobalSection(ExtensibilityGlobals) = postSolution
		SolutionGuid = {8A5487AE-0F7C-4DCA-B54E-0FEB5D4AC81C}
	EndGlobalSection
EndGlobal
